
Microsoft Visual Studio Solution File, Format Version 12.00
# Visual Studio 15
VisualStudioVersion = 15.0.26730.16
MinimumVisualStudioVersion = 10.0.40219.1
Project("{FAE04EC0-301F-11D3-BF4B-00C04F79EFBC}") = "DateTimeUtil", "DateTimeUtil\DateTimeUtil.csproj", "{5B3756A9-D2C0-4878-9302-9E963459874C}"
EndProject
Project("{FAE04EC0-301F-11D3-BF4B-00C04F79EFBC}") = "DateTimeUtilTest", "DateTimeUtilTest\DateTimeUtilTest.csproj", "{CF9328F4-C455-48B7-81C6-57E71F79B1B5}"
EndProject
Global
	GlobalSection(SolutionConfigurationPlatforms) = preSolution
		Debug|Any CPU = Debug|Any CPU
		Release|Any CPU = Release|Any CPU
	EndGlobalSection
	GlobalSection(ProjectConfigurationPlatforms) = postSolution
		{5B3756A9-D2C0-4878-9302-9E963459874C}.Debug|Any CPU.ActiveCfg = Debug|Any CPU
		{5B3756A9-D2C0-4878-9302-9E963459874C}.Debug|Any CPU.Build.0 = Debug|Any CPU
		{5B3756A9-D2C0-4878-9302-9E963459874C}.Release|Any CPU.ActiveCfg = Release|Any CPU
		{5B3756A9-D2C0-4878-9302-9E963459874C}.Release|Any CPU.Build.0 = Release|Any CPU
		{CF9328F4-C455-48B7-81C6-57E71F79B1B5}.Debug|Any CPU.ActiveCfg = Debug|Any CPU
		{CF9328F4-C455-48B7-81C6-57E71F79B1B5}.Debug|Any CPU.Build.0 = Debug|Any CPU
		{CF9328F4-C455-48B7-81C6-57E71F79B1B5}.Release|Any CPU.ActiveCfg = Release|Any CPU
		{CF9328F4-C455-48B7-81C6-57E71F79B1B5}.Release|Any CPU.Build.0 = Release|Any CPU
	EndGlobalSection
	GlobalSection(SolutionProperties) = preSolution
		HideSolutionNode = FALSE
	EndGlobalSection
	GlobalSection(ExtensibilityGlobals) = postSolution
		SolutionGuid = {AB0DB7C5-5F40-4558-BAD5-53D2D39B4D6B}
	EndGlobalSection
EndGlobal
